// !$*UTF8*$!
{
	archiveVersion = 1;
	classes = {
	};
	objectVersion = 55;
	objects = {

/* Begin PBXBuildFile section */
		1D12E6A9286FE88000EFD753 /* RoutinePageView.swift in Sources */ = {isa = PBXBuildFile; fileRef = 1D12E6A8286FE88000EFD753 /* RoutinePageView.swift */; };
		1D12E6AB286FFC4100EFD753 /* RoutinePageView2.swift in Sources */ = {isa = PBXBuildFile; fileRef = 1D12E6AA286FFC4100EFD753 /* RoutinePageView2.swift */; };
		1D3DFA9B2870747A0050BCCC /* OnBoardingView.swift in Sources */ = {isa = PBXBuildFile; fileRef = 1D3DFA9A2870747A0050BCCC /* OnBoardingView.swift */; };
		1D3DFA9D28707A990050BCCC /* OnBoardView2.swift in Sources */ = {isa = PBXBuildFile; fileRef = 1D3DFA9C28707A990050BCCC /* OnBoardView2.swift */; };
		1D3DFA9F287081D70050BCCC /* OnBoardingView3.swift in Sources */ = {isa = PBXBuildFile; fileRef = 1D3DFA9E287081D70050BCCC /* OnBoardingView3.swift */; };
		1D3DFAA12870825B0050BCCC /* OnBoardingView4.swift in Sources */ = {isa = PBXBuildFile; fileRef = 1D3DFAA02870825B0050BCCC /* OnBoardingView4.swift */; };
		1DB7739B286EEB7900A51297 /* SkinTypeView.swift in Sources */ = {isa = PBXBuildFile; fileRef = 1DB7739A286EEB7900A51297 /* SkinTypeView.swift */; };
		56672A63286C8A3C00E0FEFC /* QuestionView-ViewModel.swift in Sources */ = {isa = PBXBuildFile; fileRef = 56672A62286C8A3C00E0FEFC /* QuestionView-ViewModel.swift */; };
		567DF99C286DDFC100B511C9 /* Constant.swift in Sources */ = {isa = PBXBuildFile; fileRef = 567DF99B286DDFC100B511C9 /* Constant.swift */; };
		567FCDF4286EF90300EEBF9F /* QuestionChoiceCell.swift in Sources */ = {isa = PBXBuildFile; fileRef = 567FCDF3286EF90300EEBF9F /* QuestionChoiceCell.swift */; };
		568060F52860B0ED00848F54 /* mc2_appApp.swift in Sources */ = {isa = PBXBuildFile; fileRef = 568060F42860B0ED00848F54 /* mc2_appApp.swift */; };
		568060F72860B0ED00848F54 /* ContentView.swift in Sources */ = {isa = PBXBuildFile; fileRef = 568060F62860B0ED00848F54 /* ContentView.swift */; };
		568060F92860B0F000848F54 /* Assets.xcassets in Resources */ = {isa = PBXBuildFile; fileRef = 568060F82860B0F000848F54 /* Assets.xcassets */; };
		568060FC2860B0F000848F54 /* Preview Assets.xcassets in Resources */ = {isa = PBXBuildFile; fileRef = 568060FB2860B0F000848F54 /* Preview Assets.xcassets */; };
		56A8E3FC2865916300BF79DB /* QuestionModel.swift in Sources */ = {isa = PBXBuildFile; fileRef = 56A8E3FB2865916300BF79DB /* QuestionModel.swift */; };
		56A8E4022865A30000BF79DB /* ScreenProblemView.swift in Sources */ = {isa = PBXBuildFile; fileRef = 56A8E4012865A30000BF79DB /* ScreenProblemView.swift */; };
		56A8E4042865A31300BF79DB /* DashboardView.swift in Sources */ = {isa = PBXBuildFile; fileRef = 56A8E4032865A31300BF79DB /* DashboardView.swift */; };
		56A8E4062865A36400BF79DB /* IdentificationResultView.swift in Sources */ = {isa = PBXBuildFile; fileRef = 56A8E4052865A36400BF79DB /* IdentificationResultView.swift */; };
		56A8E4082865A44800BF79DB /* QuestionView.swift in Sources */ = {isa = PBXBuildFile; fileRef = 56A8E4072865A44800BF79DB /* QuestionView.swift */; };
		56C66CD3286C59410023D31A /* SkinProblemCard.swift in Sources */ = {isa = PBXBuildFile; fileRef = 56C66CD2286C59410023D31A /* SkinProblemCard.swift */; };
		56F8AEBF286B375700A8693C /* GradientButton.swift in Sources */ = {isa = PBXBuildFile; fileRef = 56F8AEBE286B375700A8693C /* GradientButton.swift */; };
/* End PBXBuildFile section */

/* Begin PBXFileReference section */
		1D12E6A8286FE88000EFD753 /* RoutinePageView.swift */ = {isa = PBXFileReference; lastKnownFileType = sourcecode.swift; path = RoutinePageView.swift; sourceTree = "<group>"; };
		1D12E6AA286FFC4100EFD753 /* RoutinePageView2.swift */ = {isa = PBXFileReference; lastKnownFileType = sourcecode.swift; path = RoutinePageView2.swift; sourceTree = "<group>"; };
		1D3DFA9A2870747A0050BCCC /* OnBoardingView.swift */ = {isa = PBXFileReference; lastKnownFileType = sourcecode.swift; path = OnBoardingView.swift; sourceTree = "<group>"; };
		1D3DFA9C28707A990050BCCC /* OnBoardView2.swift */ = {isa = PBXFileReference; lastKnownFileType = sourcecode.swift; path = OnBoardView2.swift; sourceTree = "<group>"; };
		1D3DFA9E287081D70050BCCC /* OnBoardingView3.swift */ = {isa = PBXFileReference; lastKnownFileType = sourcecode.swift; path = OnBoardingView3.swift; sourceTree = "<group>"; };
		1D3DFAA02870825B0050BCCC /* OnBoardingView4.swift */ = {isa = PBXFileReference; lastKnownFileType = sourcecode.swift; path = OnBoardingView4.swift; sourceTree = "<group>"; };
		1DB7739A286EEB7900A51297 /* SkinTypeView.swift */ = {isa = PBXFileReference; lastKnownFileType = sourcecode.swift; path = SkinTypeView.swift; sourceTree = "<group>"; };
		56672A62286C8A3C00E0FEFC /* QuestionView-ViewModel.swift */ = {isa = PBXFileReference; lastKnownFileType = sourcecode.swift; path = "QuestionView-ViewModel.swift"; sourceTree = "<group>"; };
		567DF99B286DDFC100B511C9 /* Constant.swift */ = {isa = PBXFileReference; lastKnownFileType = sourcecode.swift; path = Constant.swift; sourceTree = "<group>"; };
		567FCDF3286EF90300EEBF9F /* QuestionChoiceCell.swift */ = {isa = PBXFileReference; lastKnownFileType = sourcecode.swift; path = QuestionChoiceCell.swift; sourceTree = "<group>"; };
		568060F12860B0ED00848F54 /* mc2_app.app */ = {isa = PBXFileReference; explicitFileType = wrapper.application; includeInIndex = 0; path = mc2_app.app; sourceTree = BUILT_PRODUCTS_DIR; };
		568060F42860B0ED00848F54 /* mc2_appApp.swift */ = {isa = PBXFileReference; lastKnownFileType = sourcecode.swift; path = mc2_appApp.swift; sourceTree = "<group>"; };
		568060F62860B0ED00848F54 /* ContentView.swift */ = {isa = PBXFileReference; lastKnownFileType = sourcecode.swift; path = ContentView.swift; sourceTree = "<group>"; };
		568060F82860B0F000848F54 /* Assets.xcassets */ = {isa = PBXFileReference; lastKnownFileType = folder.assetcatalog; path = Assets.xcassets; sourceTree = "<group>"; };
		568060FB2860B0F000848F54 /* Preview Assets.xcassets */ = {isa = PBXFileReference; lastKnownFileType = folder.assetcatalog; path = "Preview Assets.xcassets"; sourceTree = "<group>"; };
		56A8E3FB2865916300BF79DB /* QuestionModel.swift */ = {isa = PBXFileReference; lastKnownFileType = sourcecode.swift; path = QuestionModel.swift; sourceTree = "<group>"; };
		56A8E4012865A30000BF79DB /* ScreenProblemView.swift */ = {isa = PBXFileReference; lastKnownFileType = sourcecode.swift; path = ScreenProblemView.swift; sourceTree = "<group>"; };
		56A8E4032865A31300BF79DB /* DashboardView.swift */ = {isa = PBXFileReference; lastKnownFileType = sourcecode.swift; path = DashboardView.swift; sourceTree = "<group>"; };
		56A8E4052865A36400BF79DB /* IdentificationResultView.swift */ = {isa = PBXFileReference; lastKnownFileType = sourcecode.swift; path = IdentificationResultView.swift; sourceTree = "<group>"; };
		56A8E4072865A44800BF79DB /* QuestionView.swift */ = {isa = PBXFileReference; lastKnownFileType = sourcecode.swift; path = QuestionView.swift; sourceTree = "<group>"; };
		56C66CD2286C59410023D31A /* SkinProblemCard.swift */ = {isa = PBXFileReference; lastKnownFileType = sourcecode.swift; path = SkinProblemCard.swift; sourceTree = "<group>"; };
		56F8AEBE286B375700A8693C /* GradientButton.swift */ = {isa = PBXFileReference; lastKnownFileType = sourcecode.swift; path = GradientButton.swift; sourceTree = "<group>"; };
/* End PBXFileReference section */

/* Begin PBXFrameworksBuildPhase section */
		568060EE2860B0ED00848F54 /* Frameworks */ = {
			isa = PBXFrameworksBuildPhase;
			buildActionMask = 2147483647;
			files = (
			);
			runOnlyForDeploymentPostprocessing = 0;
		};
/* End PBXFrameworksBuildPhase section */

/* Begin PBXGroup section */
		567DF99D286DE09500B511C9 /* Components */ = {
			isa = PBXGroup;
			children = (
				56F8AEBE286B375700A8693C /* GradientButton.swift */,
				56C66CD2286C59410023D31A /* SkinProblemCard.swift */,
				567FCDF3286EF90300EEBF9F /* QuestionChoiceCell.swift */,
			);
			path = Components;
			sourceTree = "<group>";
		};
		567DF99E286DE0B700B511C9 /* View Model */ = {
			isa = PBXGroup;
			children = (
				56672A62286C8A3C00E0FEFC /* QuestionView-ViewModel.swift */,
			);
			path = "View Model";
			sourceTree = "<group>";
		};
		568060E82860B0ED00848F54 = {
			isa = PBXGroup;
			children = (
				568060F32860B0ED00848F54 /* mc2_app */,
				568060F22860B0ED00848F54 /* Products */,
			);
			sourceTree = "<group>";
		};
		568060F22860B0ED00848F54 /* Products */ = {
			isa = PBXGroup;
			children = (
				568060F12860B0ED00848F54 /* mc2_app.app */,
			);
			name = Products;
			sourceTree = "<group>";
		};
		568060F32860B0ED00848F54 /* mc2_app */ = {
			isa = PBXGroup;
			children = (
				568060F42860B0ED00848F54 /* mc2_appApp.swift */,
				568060F62860B0ED00848F54 /* ContentView.swift */,
				568060F82860B0F000848F54 /* Assets.xcassets */,
				567DF99B286DDFC100B511C9 /* Constant.swift */,
				56A8E3FD2865916D00BF79DB /* Model */,
				56A8E4002865944700BF79DB /* Views */,
				567DF99E286DE0B700B511C9 /* View Model */,
				568060FA2860B0F000848F54 /* Preview Content */,
			);
			path = mc2_app;
			sourceTree = "<group>";
		};
		568060FA2860B0F000848F54 /* Preview Content */ = {
			isa = PBXGroup;
			children = (
				568060FB2860B0F000848F54 /* Preview Assets.xcassets */,
			);
			path = "Preview Content";
			sourceTree = "<group>";
		};
		56A8E3FD2865916D00BF79DB /* Model */ = {
			isa = PBXGroup;
			children = (
				56A8E3FB2865916300BF79DB /* QuestionModel.swift */,
			);
			path = Model;
			sourceTree = "<group>";
		};
		56A8E4002865944700BF79DB /* Views */ = {
			isa = PBXGroup;
			children = (
				56F8AEBD286B373700A8693C /* Screens */,
				567DF99D286DE09500B511C9 /* Components */,
			);
			path = Views;
			sourceTree = "<group>";
		};
		56F8AEBD286B373700A8693C /* Screens */ = {
			isa = PBXGroup;
			children = (
				56A8E4012865A30000BF79DB /* ScreenProblemView.swift */,
				56A8E4052865A36400BF79DB /* IdentificationResultView.swift */,
				1DB7739A286EEB7900A51297 /* SkinTypeView.swift */,
				1D12E6A8286FE88000EFD753 /* RoutinePageView.swift */,
				1D12E6AA286FFC4100EFD753 /* RoutinePageView2.swift */,
				56A8E4072865A44800BF79DB /* QuestionView.swift */,
				56A8E4032865A31300BF79DB /* DashboardView.swift */,
				1D3DFA9A2870747A0050BCCC /* OnBoardingView.swift */,
				1D3DFA9C28707A990050BCCC /* OnBoardView2.swift */,
				1D3DFA9E287081D70050BCCC /* OnBoardingView3.swift */,
				1D3DFAA02870825B0050BCCC /* OnBoardingView4.swift */,
			);
			path = Screens;
			sourceTree = "<group>";
		};
/* End PBXGroup section */

/* Begin PBXNativeTarget section */
		568060F02860B0ED00848F54 /* mc2_app */ = {
			isa = PBXNativeTarget;
			buildConfigurationList = 568060FF2860B0F000848F54 /* Build configuration list for PBXNativeTarget "mc2_app" */;
			buildPhases = (
				568060ED2860B0ED00848F54 /* Sources */,
				568060EE2860B0ED00848F54 /* Frameworks */,
				568060EF2860B0ED00848F54 /* Resources */,
			);
			buildRules = (
			);
			dependencies = (
			);
			name = mc2_app;
			productName = mc2_app;
			productReference = 568060F12860B0ED00848F54 /* mc2_app.app */;
			productType = "com.apple.product-type.application";
		};
/* End PBXNativeTarget section */

/* Begin PBXProject section */
		568060E92860B0ED00848F54 /* Project object */ = {
			isa = PBXProject;
			attributes = {
				BuildIndependentTargetsInParallel = 1;
				LastSwiftUpdateCheck = 1340;
				LastUpgradeCheck = 1340;
				TargetAttributes = {
					568060F02860B0ED00848F54 = {
						CreatedOnToolsVersion = 13.4.1;
					};
				};
			};
			buildConfigurationList = 568060EC2860B0ED00848F54 /* Build configuration list for PBXProject "mc2_app" */;
			compatibilityVersion = "Xcode 13.0";
			developmentRegion = en;
			hasScannedForEncodings = 0;
			knownRegions = (
				en,
				Base,
			);
			mainGroup = 568060E82860B0ED00848F54;
			productRefGroup = 568060F22860B0ED00848F54 /* Products */;
			projectDirPath = "";
			projectRoot = "";
			targets = (
				568060F02860B0ED00848F54 /* mc2_app */,
			);
		};
/* End PBXProject section */

/* Begin PBXResourcesBuildPhase section */
		568060EF2860B0ED00848F54 /* Resources */ = {
			isa = PBXResourcesBuildPhase;
			buildActionMask = 2147483647;
			files = (
				568060FC2860B0F000848F54 /* Preview Assets.xcassets in Resources */,
				568060F92860B0F000848F54 /* Assets.xcassets in Resources */,
			);
			runOnlyForDeploymentPostprocessing = 0;
		};
/* End PBXResourcesBuildPhase section */

/* Begin PBXSourcesBuildPhase section */
		568060ED2860B0ED00848F54 /* Sources */ = {
			isa = PBXSourcesBuildPhase;
			buildActionMask = 2147483647;
			files = (
				56C66CD3286C59410023D31A /* SkinProblemCard.swift in Sources */,
				1DB7739B286EEB7900A51297 /* SkinTypeView.swift in Sources */,
				56A8E4082865A44800BF79DB /* QuestionView.swift in Sources */,
				1D3DFAA12870825B0050BCCC /* OnBoardingView4.swift in Sources */,
				56F8AEBF286B375700A8693C /* GradientButton.swift in Sources */,
				56A8E4022865A30000BF79DB /* ScreenProblemView.swift in Sources */,
				56A8E4042865A31300BF79DB /* DashboardView.swift in Sources */,
				56A8E4062865A36400BF79DB /* IdentificationResultView.swift in Sources */,
				56A8E3FC2865916300BF79DB /* QuestionModel.swift in Sources */,
				1D3DFA9D28707A990050BCCC /* OnBoardView2.swift in Sources */,
				1D3DFA9F287081D70050BCCC /* OnBoardingView3.swift in Sources */,
				1D12E6A9286FE88000EFD753 /* RoutinePageView.swift in Sources */,
				56672A63286C8A3C00E0FEFC /* QuestionView-ViewModel.swift in Sources */,
				568060F72860B0ED00848F54 /* ContentView.swift in Sources */,
				567FCDF4286EF90300EEBF9F /* QuestionChoiceCell.swift in Sources */,
				568060F52860B0ED00848F54 /* mc2_appApp.swift in Sources */,
				1D3DFA9B2870747A0050BCCC /* OnBoardingView.swift in Sources */,
				567DF99C286DDFC100B511C9 /* Constant.swift in Sources */,
				1D12E6AB286FFC4100EFD753 /* RoutinePageView2.swift in Sources */,
			);
			runOnlyForDeploymentPostprocessing = 0;
		};
/* End PBXSourcesBuildPhase section */

/* Begin XCBuildConfiguration section */
		568060FD2860B0F000848F54 /* Debug */ = {
			isa = XCBuildConfiguration;
			buildSettings = {
				ALWAYS_SEARCH_USER_PATHS = NO;
				CLANG_ANALYZER_NONNULL = YES;
				CLANG_ANALYZER_NUMBER_OBJECT_CONVERSION = YES_AGGRESSIVE;
				CLANG_CXX_LANGUAGE_STANDARD = "gnu++17";
				CLANG_ENABLE_MODULES = YES;
				CLANG_ENABLE_OBJC_ARC = YES;
				CLANG_ENABLE_OBJC_WEAK = YES;
				CLANG_WARN_BLOCK_CAPTURE_AUTORELEASING = YES;
				CLANG_WARN_BOOL_CONVERSION = YES;
				CLANG_WARN_COMMA = YES;
				CLANG_WARN_CONSTANT_CONVERSION = YES;
				CLANG_WARN_DEPRECATED_OBJC_IMPLEMENTATIONS = YES;
				CLANG_WARN_DIRECT_OBJC_ISA_USAGE = YES_ERROR;
				CLANG_WARN_DOCUMENTATION_COMMENTS = YES;
				CLANG_WARN_EMPTY_BODY = YES;
				CLANG_WARN_ENUM_CONVERSION = YES;
				CLANG_WARN_INFINITE_RECURSION = YES;
				CLANG_WARN_INT_CONVERSION = YES;
				CLANG_WARN_NON_LITERAL_NULL_CONVERSION = YES;
				CLANG_WARN_OBJC_IMPLICIT_RETAIN_SELF = YES;
				CLANG_WARN_OBJC_LITERAL_CONVERSION = YES;
				CLANG_WARN_OBJC_ROOT_CLASS = YES_ERROR;
				CLANG_WARN_QUOTED_INCLUDE_IN_FRAMEWORK_HEADER = YES;
				CLANG_WARN_RANGE_LOOP_ANALYSIS = YES;
				CLANG_WARN_STRICT_PROTOTYPES = YES;
				CLANG_WARN_SUSPICIOUS_MOVE = YES;
				CLANG_WARN_UNGUARDED_AVAILABILITY = YES_AGGRESSIVE;
				CLANG_WARN_UNREACHABLE_CODE = YES;
				CLANG_WARN__DUPLICATE_METHOD_MATCH = YES;
				COPY_PHASE_STRIP = NO;
				DEBUG_INFORMATION_FORMAT = dwarf;
				ENABLE_STRICT_OBJC_MSGSEND = YES;
				ENABLE_TESTABILITY = YES;
				GCC_C_LANGUAGE_STANDARD = gnu11;
				GCC_DYNAMIC_NO_PIC = NO;
				GCC_NO_COMMON_BLOCKS = YES;
				GCC_OPTIMIZATION_LEVEL = 0;
				GCC_PREPROCESSOR_DEFINITIONS = (
					"DEBUG=1",
					"$(inherited)",
				);
				GCC_WARN_64_TO_32_BIT_CONVERSION = YES;
				GCC_WARN_ABOUT_RETURN_TYPE = YES_ERROR;
				GCC_WARN_UNDECLARED_SELECTOR = YES;
				GCC_WARN_UNINITIALIZED_AUTOS = YES_AGGRESSIVE;
				GCC_WARN_UNUSED_FUNCTION = YES;
				GCC_WARN_UNUSED_VARIABLE = YES;
				IPHONEOS_DEPLOYMENT_TARGET = 15.5;
				MTL_ENABLE_DEBUG_INFO = INCLUDE_SOURCE;
				MTL_FAST_MATH = YES;
				ONLY_ACTIVE_ARCH = YES;
				SDKROOT = iphoneos;
				SWIFT_ACTIVE_COMPILATION_CONDITIONS = DEBUG;
				SWIFT_OPTIMIZATION_LEVEL = "-Onone";
			};
			name = Debug;
		};
		568060FE2860B0F000848F54 /* Release */ = {
			isa = XCBuildConfiguration;
			buildSettings = {
				ALWAYS_SEARCH_USER_PATHS = NO;
				CLANG_ANALYZER_NONNULL = YES;
				CLANG_ANALYZER_NUMBER_OBJECT_CONVERSION = YES_AGGRESSIVE;
				CLANG_CXX_LANGUAGE_STANDARD = "gnu++17";
				CLANG_ENABLE_MODULES = YES;
				CLANG_ENABLE_OBJC_ARC = YES;
				CLANG_ENABLE_OBJC_WEAK = YES;
				CLANG_WARN_BLOCK_CAPTURE_AUTORELEASING = YES;
				CLANG_WARN_BOOL_CONVERSION = YES;
				CLANG_WARN_COMMA = YES;
				CLANG_WARN_CONSTANT_CONVERSION = YES;
				CLANG_WARN_DEPRECATED_OBJC_IMPLEMENTATIONS = YES;
				CLANG_WARN_DIRECT_OBJC_ISA_USAGE = YES_ERROR;
				CLANG_WARN_DOCUMENTATION_COMMENTS = YES;
				CLANG_WARN_EMPTY_BODY = YES;
				CLANG_WARN_ENUM_CONVERSION = YES;
				CLANG_WARN_INFINITE_RECURSION = YES;
				CLANG_WARN_INT_CONVERSION = YES;
				CLANG_WARN_NON_LITERAL_NULL_CONVERSION = YES;
				CLANG_WARN_OBJC_IMPLICIT_RETAIN_SELF = YES;
				CLANG_WARN_OBJC_LITERAL_CONVERSION = YES;
				CLANG_WARN_OBJC_ROOT_CLASS = YES_ERROR;
				CLANG_WARN_QUOTED_INCLUDE_IN_FRAMEWORK_HEADER = YES;
				CLANG_WARN_RANGE_LOOP_ANALYSIS = YES;
				CLANG_WARN_STRICT_PROTOTYPES = YES;
				CLANG_WARN_SUSPICIOUS_MOVE = YES;
				CLANG_WARN_UNGUARDED_AVAILABILITY = YES_AGGRESSIVE;
				CLANG_WARN_UNREACHABLE_CODE = YES;
				CLANG_WARN__DUPLICATE_METHOD_MATCH = YES;
				COPY_PHASE_STRIP = NO;
				DEBUG_INFORMATION_FORMAT = "dwarf-with-dsym";
				ENABLE_NS_ASSERTIONS = NO;
				ENABLE_STRICT_OBJC_MSGSEND = YES;
				GCC_C_LANGUAGE_STANDARD = gnu11;
				GCC_NO_COMMON_BLOCKS = YES;
				GCC_WARN_64_TO_32_BIT_CONVERSION = YES;
				GCC_WARN_ABOUT_RETURN_TYPE = YES_ERROR;
				GCC_WARN_UNDECLARED_SELECTOR = YES;
				GCC_WARN_UNINITIALIZED_AUTOS = YES_AGGRESSIVE;
				GCC_WARN_UNUSED_FUNCTION = YES;
				GCC_WARN_UNUSED_VARIABLE = YES;
				IPHONEOS_DEPLOYMENT_TARGET = 15.5;
				MTL_ENABLE_DEBUG_INFO = NO;
				MTL_FAST_MATH = YES;
				SDKROOT = iphoneos;
				SWIFT_COMPILATION_MODE = wholemodule;
				SWIFT_OPTIMIZATION_LEVEL = "-O";
				VALIDATE_PRODUCT = YES;
			};
			name = Release;
		};
		568061002860B0F000848F54 /* Debug */ = {
			isa = XCBuildConfiguration;
			buildSettings = {
				ASSETCATALOG_COMPILER_APPICON_NAME = AppIcon;
				ASSETCATALOG_COMPILER_GLOBAL_ACCENT_COLOR_NAME = AccentColor;
				CODE_SIGN_STYLE = Automatic;
				CURRENT_PROJECT_VERSION = 1;
				DEVELOPMENT_ASSET_PATHS = "\"mc2_app/Preview Content\"";
				DEVELOPMENT_TEAM = KFD27J2TGQ;
				ENABLE_PREVIEWS = YES;
				GENERATE_INFOPLIST_FILE = YES;
				INFOPLIST_KEY_UIApplicationSceneManifest_Generation = YES;
				INFOPLIST_KEY_UIApplicationSupportsIndirectInputEvents = YES;
				INFOPLIST_KEY_UILaunchScreen_Generation = YES;
				INFOPLIST_KEY_UISupportedInterfaceOrientations_iPad = "UIInterfaceOrientationPortrait UIInterfaceOrientationPortraitUpsideDown UIInterfaceOrientationLandscapeLeft UIInterfaceOrientationLandscapeRight";
				INFOPLIST_KEY_UISupportedInterfaceOrientations_iPhone = "UIInterfaceOrientationPortrait UIInterfaceOrientationLandscapeLeft UIInterfaceOrientationLandscapeRight";
				IPHONEOS_DEPLOYMENT_TARGET = 15.4;
				LD_RUNPATH_SEARCH_PATHS = (
					"$(inherited)",
					"@executable_path/Frameworks",
				);
				MARKETING_VERSION = 1.0;
				PRODUCT_BUNDLE_IDENTIFIER = "com.rsilitonga.mc2-app";
				PRODUCT_NAME = "$(TARGET_NAME)";
				SWIFT_EMIT_LOC_STRINGS = YES;
				SWIFT_VERSION = 5.0;
				TARGETED_DEVICE_FAMILY = "1,2";
			};
			name = Debug;
		};
		568061012860B0F000848F54 /* Release */ = {
			isa = XCBuildConfiguration;
			buildSettings = {
				ASSETCATALOG_COMPILER_APPICON_NAME = AppIcon;
				ASSETCATALOG_COMPILER_GLOBAL_ACCENT_COLOR_NAME = AccentColor;
				CODE_SIGN_STYLE = Automatic;
				CURRENT_PROJECT_VERSION = 1;
				DEVELOPMENT_ASSET_PATHS = "\"mc2_app/Preview Content\"";
				DEVELOPMENT_TEAM = KFD27J2TGQ;
				ENABLE_PREVIEWS = YES;
				GENERATE_INFOPLIST_FILE = YES;
				INFOPLIST_KEY_UIApplicationSceneManifest_Generation = YES;
				INFOPLIST_KEY_UIApplicationSupportsIndirectInputEvents = YES;
				INFOPLIST_KEY_UILaunchScreen_Generation = YES;
				INFOPLIST_KEY_UISupportedInterfaceOrientations_iPad = "UIInterfaceOrientationPortrait UIInterfaceOrientationPortraitUpsideDown UIInterfaceOrientationLandscapeLeft UIInterfaceOrientationLandscapeRight";
				INFOPLIST_KEY_UISupportedInterfaceOrientations_iPhone = "UIInterfaceOrientationPortrait UIInterfaceOrientationLandscapeLeft UIInterfaceOrientationLandscapeRight";
				IPHONEOS_DEPLOYMENT_TARGET = 15.4;
				LD_RUNPATH_SEARCH_PATHS = (
					"$(inherited)",
					"@executable_path/Frameworks",
				);
				MARKETING_VERSION = 1.0;
				PRODUCT_BUNDLE_IDENTIFIER = "com.rsilitonga.mc2-app";
				PRODUCT_NAME = "$(TARGET_NAME)";
				SWIFT_EMIT_LOC_STRINGS = YES;
				SWIFT_VERSION = 5.0;
				TARGETED_DEVICE_FAMILY = "1,2";
			};
			name = Release;
		};
/* End XCBuildConfiguration section */

/* Begin XCConfigurationList section */
		568060EC2860B0ED00848F54 /* Build configuration list for PBXProject "mc2_app" */ = {
			isa = XCConfigurationList;
			buildConfigurations = (
				568060FD2860B0F000848F54 /* Debug */,
				568060FE2860B0F000848F54 /* Release */,
			);
			defaultConfigurationIsVisible = 0;
			defaultConfigurationName = Release;
		};
		568060FF2860B0F000848F54 /* Build configuration list for PBXNativeTarget "mc2_app" */ = {
			isa = XCConfigurationList;
			buildConfigurations = (
				568061002860B0F000848F54 /* Debug */,
				568061012860B0F000848F54 /* Release */,
			);
			defaultConfigurationIsVisible = 0;
			defaultConfigurationName = Release;
		};
/* End XCConfigurationList section */
	};
	rootObject = 568060E92860B0ED00848F54 /* Project object */;
}
